
Microsoft Visual Studio Solution File, Format Version 12.00
# Visual Studio Version 16
VisualStudioVersion = 16.0.29911.84
MinimumVisualStudioVersion = 10.0.40219.1
Project("{FAE04EC0-301F-11D3-BF4B-00C04F79EFBC}") = "Tab-Header", "Tab-Header.csproj", "{32541206-4AE4-4F8A-AC2E-04AB5CE8BB30}"
EndProject
Global
	GlobalSection(SolutionConfigurationPlatforms) = preSolution
		Debug|Any CPU = Debug|Any CPU
		Release|Any CPU = Release|Any CPU
	EndGlobalSection
	GlobalSection(ProjectConfigurationPlatforms) = postSolution
		{32541206-4AE4-4F8A-AC2E-04AB5CE8BB30}.Debug|Any CPU.ActiveCfg = Debug|Any CPU
		{32541206-4AE4-4F8A-AC2E-04AB5CE8BB30}.Debug|Any CPU.Build.0 = Debug|Any CPU
		{32541206-4AE4-4F8A-AC2E-04AB5CE8BB30}.Release|Any CPU.ActiveCfg = Release|Any CPU
		{32541206-4AE4-4F8A-AC2E-04AB5CE8BB30}.Release|Any CPU.Build.0 = Release|Any CPU
	EndGlobalSection
	GlobalSection(SolutionProperties) = preSolution
		HideSolutionNode = FALSE
	EndGlobalSection
	GlobalSection(ExtensibilityGlobals) = postSolution
		SolutionGuid = {0D5CBEA4-F6EA-4903-A4DF-C2DF2A37790C}
	EndGlobalSection
EndGlobal
