
Microsoft Visual Studio Solution File, Format Version 12.00
# Visual Studio Version 16
VisualStudioVersion = 16.0.29911.84
MinimumVisualStudioVersion = 10.0.40219.1
Project("{FAE04EC0-301F-11D3-BF4B-00C04F79EFBC}") = "NewButton", "NewButton.csproj", "{62878967-3079-40A4-8AD2-5C65F29E2834}"
EndProject
Global
	GlobalSection(SolutionConfigurationPlatforms) = preSolution
		Debug|Any CPU = Debug|Any CPU
		Release|Any CPU = Release|Any CPU
	EndGlobalSection
	GlobalSection(ProjectConfigurationPlatforms) = postSolution
		{62878967-3079-40A4-8AD2-5C65F29E2834}.Debug|Any CPU.ActiveCfg = Debug|Any CPU
		{62878967-3079-40A4-8AD2-5C65F29E2834}.Debug|Any CPU.Build.0 = Debug|Any CPU
		{62878967-3079-40A4-8AD2-5C65F29E2834}.Release|Any CPU.ActiveCfg = Release|Any CPU
		{62878967-3079-40A4-8AD2-5C65F29E2834}.Release|Any CPU.Build.0 = Release|Any CPU
	EndGlobalSection
	GlobalSection(SolutionProperties) = preSolution
		HideSolutionNode = FALSE
	EndGlobalSection
	GlobalSection(ExtensibilityGlobals) = postSolution
		SolutionGuid = {2FF5D249-8D22-45CE-864C-71BC3330CFE8}
	EndGlobalSection
EndGlobal
