
Microsoft Visual Studio Solution File, Format Version 12.00
# Visual Studio Version 16
VisualStudioVersion = 16.0.30128.74
MinimumVisualStudioVersion = 10.0.40219.1
Project("{FAE04EC0-301F-11D3-BF4B-00C04F79EFBC}") = "TabOrderChangeNotification", "TabOrderChangeNotification.csproj", "{1FC02BA6-A60A-4EAC-9EAC-6AC538D11A58}"
EndProject
Global
	GlobalSection(SolutionConfigurationPlatforms) = preSolution
		Debug|Any CPU = Debug|Any CPU
		Release|Any CPU = Release|Any CPU
	EndGlobalSection
	GlobalSection(ProjectConfigurationPlatforms) = postSolution
		{1FC02BA6-A60A-4EAC-9EAC-6AC538D11A58}.Debug|Any CPU.ActiveCfg = Debug|Any CPU
		{1FC02BA6-A60A-4EAC-9EAC-6AC538D11A58}.Debug|Any CPU.Build.0 = Debug|Any CPU
		{1FC02BA6-A60A-4EAC-9EAC-6AC538D11A58}.Release|Any CPU.ActiveCfg = Release|Any CPU
		{1FC02BA6-A60A-4EAC-9EAC-6AC538D11A58}.Release|Any CPU.Build.0 = Release|Any CPU
	EndGlobalSection
	GlobalSection(SolutionProperties) = preSolution
		HideSolutionNode = FALSE
	EndGlobalSection
	GlobalSection(ExtensibilityGlobals) = postSolution
		SolutionGuid = {C1CC3181-92E7-4A98-BE78-F9247CD01288}
	EndGlobalSection
EndGlobal
