
Microsoft Visual Studio Solution File, Format Version 12.00
# Visual Studio Version 16
VisualStudioVersion = 16.0.29911.84
MinimumVisualStudioVersion = 10.0.40219.1
Project("{FAE04EC0-301F-11D3-BF4B-00C04F79EFBC}") = "Themes", "Themes.csproj", "{66891A79-A921-4645-964A-8315CC9C3FCE}"
EndProject
Global
	GlobalSection(SolutionConfigurationPlatforms) = preSolution
		Debug|Any CPU = Debug|Any CPU
		Release|Any CPU = Release|Any CPU
	EndGlobalSection
	GlobalSection(ProjectConfigurationPlatforms) = postSolution
		{66891A79-A921-4645-964A-8315CC9C3FCE}.Debug|Any CPU.ActiveCfg = Debug|Any CPU
		{66891A79-A921-4645-964A-8315CC9C3FCE}.Debug|Any CPU.Build.0 = Debug|Any CPU
		{66891A79-A921-4645-964A-8315CC9C3FCE}.Release|Any CPU.ActiveCfg = Release|Any CPU
		{66891A79-A921-4645-964A-8315CC9C3FCE}.Release|Any CPU.Build.0 = Release|Any CPU
	EndGlobalSection
	GlobalSection(SolutionProperties) = preSolution
		HideSolutionNode = FALSE
	EndGlobalSection
	GlobalSection(ExtensibilityGlobals) = postSolution
		SolutionGuid = {F24C94FB-A5D9-403E-A76F-FAE21AA5372E}
	EndGlobalSection
EndGlobal
